
Microsoft Visual Studio Solution File, Format Version 12.00
# Visual Studio Version 17
VisualStudioVersion = 17.2.32630.192
MinimumVisualStudioVersion = 10.0.40219.1
Project("{FAE04EC0-301F-11D3-BF4B-00C04F79EFBC}") = "UniversityBackend", "UniversityBackend\UniversityBackend.csproj", "{C9B993E1-0905-4481-AABB-E6864E874C2A}"
EndProject
Global
	GlobalSection(SolutionConfigurationPlatforms) = preSolution
		Debug|Any CPU = Debug|Any CPU
		Release|Any CPU = Release|Any CPU
	EndGlobalSection
	GlobalSection(ProjectConfigurationPlatforms) = postSolution
		{C9B993E1-0905-4481-AABB-E6864E874C2A}.Debug|Any CPU.ActiveCfg = Debug|Any CPU
		{C9B993E1-0905-4481-AABB-E6864E874C2A}.Debug|Any CPU.Build.0 = Debug|Any CPU
		{C9B993E1-0905-4481-AABB-E6864E874C2A}.Release|Any CPU.ActiveCfg = Release|Any CPU
		{C9B993E1-0905-4481-AABB-E6864E874C2A}.Release|Any CPU.Build.0 = Release|Any CPU
	EndGlobalSection
	GlobalSection(SolutionProperties) = preSolution
		HideSolutionNode = FALSE
	EndGlobalSection
	GlobalSection(ExtensibilityGlobals) = postSolution
		SolutionGuid = {5E62AEAC-78D6-442F-B672-C44ED10DDE4D}
	EndGlobalSection
EndGlobal
